// !$*UTF8*$!
{
	archiveVersion = 1;
	classes = {
	};
	objectVersion = 46;
	objects = {

/* Begin PBXBuildFile section */
		CA1F65271E0A39D10025F231 /* AppDelegate.swift in Sources */ = {isa = PBXBuildFile; fileRef = CA1F65261E0A39D10025F231 /* AppDelegate.swift */; };
		CA1F65291E0A39D10025F231 /* ViewController.swift in Sources */ = {isa = PBXBuildFile; fileRef = CA1F65281E0A39D10025F231 /* ViewController.swift */; };
		CA1F652C1E0A39D10025F231 /* Main.storyboard in Resources */ = {isa = PBXBuildFile; fileRef = CA1F652A1E0A39D10025F231 /* Main.storyboard */; };
		CA1F652E1E0A39D10025F231 /* Assets.xcassets in Resources */ = {isa = PBXBuildFile; fileRef = CA1F652D1E0A39D10025F231 /* Assets.xcassets */; };
		CA1F65311E0A39D10025F231 /* LaunchScreen.storyboard in Resources */ = {isa = PBXBuildFile; fileRef = CA1F652F1E0A39D10025F231 /* LaunchScreen.storyboard */; };
		CA1F653E1E0A3A1E0025F231 /* +Date.swift in Sources */ = {isa = PBXBuildFile; fileRef = CA1F65391E0A3A1E0025F231 /* +Date.swift */; };
		CA1F653F1E0A3A1E0025F231 /* +String.swift in Sources */ = {isa = PBXBuildFile; fileRef = CA1F653A1E0A3A1E0025F231 /* +String.swift */; };
		CA1F65401E0A3A1E0025F231 /* +UIColor.swift in Sources */ = {isa = PBXBuildFile; fileRef = CA1F653B1E0A3A1E0025F231 /* +UIColor.swift */; };
		CA1F65411E0A3A1E0025F231 /* +UIImage.swift in Sources */ = {isa = PBXBuildFile; fileRef = CA1F653C1E0A3A1E0025F231 /* +UIImage.swift */; };
		CA1F65421E0A3A1E0025F231 /* extensions.swift in Sources */ = {isa = PBXBuildFile; fileRef = CA1F653D1E0A3A1E0025F231 /* extensions.swift */; };
/* End PBXBuildFile section */

/* Begin PBXFileReference section */
		CA1F65231E0A39D10025F231 /* Example.app */ = {isa = PBXFileReference; explicitFileType = wrapper.application; includeInIndex = 0; path = Example.app; sourceTree = BUILT_PRODUCTS_DIR; };
		CA1F65261E0A39D10025F231 /* AppDelegate.swift */ = {isa = PBXFileReference; lastKnownFileType = sourcecode.swift; path = AppDelegate.swift; sourceTree = "<group>"; };
		CA1F65281E0A39D10025F231 /* ViewController.swift */ = {isa = PBXFileReference; lastKnownFileType = sourcecode.swift; path = ViewController.swift; sourceTree = "<group>"; };
		CA1F652B1E0A39D10025F231 /* Base */ = {isa = PBXFileReference; lastKnownFileType = file.storyboard; name = Base; path = Base.lproj/Main.storyboard; sourceTree = "<group>"; };
		CA1F652D1E0A39D10025F231 /* Assets.xcassets */ = {isa = PBXFileReference; lastKnownFileType = folder.assetcatalog; path = Assets.xcassets; sourceTree = "<group>"; };
		CA1F65301E0A39D10025F231 /* Base */ = {isa = PBXFileReference; lastKnownFileType = file.storyboard; name = Base; path = Base.lproj/LaunchScreen.storyboard; sourceTree = "<group>"; };
		CA1F65321E0A39D10025F231 /* Info.plist */ = {isa = PBXFileReference; lastKnownFileType = text.plist.xml; path = Info.plist; sourceTree = "<group>"; };
		CA1F65391E0A3A1E0025F231 /* +Date.swift */ = {isa = PBXFileReference; fileEncoding = 4; lastKnownFileType = sourcecode.swift; path = "+Date.swift"; sourceTree = "<group>"; };
		CA1F653A1E0A3A1E0025F231 /* +String.swift */ = {isa = PBXFileReference; fileEncoding = 4; lastKnownFileType = sourcecode.swift; path = "+String.swift"; sourceTree = "<group>"; };
		CA1F653B1E0A3A1E0025F231 /* +UIColor.swift */ = {isa = PBXFileReference; fileEncoding = 4; lastKnownFileType = sourcecode.swift; path = "+UIColor.swift"; sourceTree = "<group>"; };
		CA1F653C1E0A3A1E0025F231 /* +UIImage.swift */ = {isa = PBXFileReference; fileEncoding = 4; lastKnownFileType = sourcecode.swift; path = "+UIImage.swift"; sourceTree = "<group>"; };
		CA1F653D1E0A3A1E0025F231 /* extensions.swift */ = {isa = PBXFileReference; fileEncoding = 4; lastKnownFileType = sourcecode.swift; path = extensions.swift; sourceTree = "<group>"; };
/* End PBXFileReference section */

/* Begin PBXFrameworksBuildPhase section */
		CA1F65201E0A39D10025F231 /* Frameworks */ = {
			isa = PBXFrameworksBuildPhase;
			buildActionMask = 2147483647;
			files = (
			);
			runOnlyForDeploymentPostprocessing = 0;
		};
/* End PBXFrameworksBuildPhase section */

/* Begin PBXGroup section */
		CA1F651A1E0A39D00025F231 = {
			isa = PBXGroup;
			children = (
				CA1F65251E0A39D10025F231 /* Example */,
				CA1F65241E0A39D10025F231 /* Products */,
			);
			sourceTree = "<group>";
		};
		CA1F65241E0A39D10025F231 /* Products */ = {
			isa = PBXGroup;
			children = (
				CA1F65231E0A39D10025F231 /* Example.app */,
			);
			name = Products;
			sourceTree = "<group>";
		};
		CA1F65251E0A39D10025F231 /* Example */ = {
			isa = PBXGroup;
			children = (
				CA1F65381E0A3A1E0025F231 /* Extensions */,
				CA1F65261E0A39D10025F231 /* AppDelegate.swift */,
				CA1F65281E0A39D10025F231 /* ViewController.swift */,
				CA1F652A1E0A39D10025F231 /* Main.storyboard */,
				CA1F652D1E0A39D10025F231 /* Assets.xcassets */,
				CA1F652F1E0A39D10025F231 /* LaunchScreen.storyboard */,
				CA1F65321E0A39D10025F231 /* Info.plist */,
			);
			path = Example;
			sourceTree = "<group>";
		};
		CA1F65381E0A3A1E0025F231 /* Extensions */ = {
			isa = PBXGroup;
			children = (
				CA1F65391E0A3A1E0025F231 /* +Date.swift */,
				CA1F653A1E0A3A1E0025F231 /* +String.swift */,
				CA1F653B1E0A3A1E0025F231 /* +UIColor.swift */,
				CA1F653C1E0A3A1E0025F231 /* +UIImage.swift */,
				CA1F653D1E0A3A1E0025F231 /* extensions.swift */,
			);
			path = Extensions;
			sourceTree = "<group>";
		};
/* End PBXGroup section */

/* Begin PBXNativeTarget section */
		CA1F65221E0A39D10025F231 /* Example */ = {
			isa = PBXNativeTarget;
			buildConfigurationList = CA1F65351E0A39D10025F231 /* Build configuration list for PBXNativeTarget "Example" */;
			buildPhases = (
				CA1F651F1E0A39D10025F231 /* Sources */,
				CA1F65201E0A39D10025F231 /* Frameworks */,
				CA1F65211E0A39D10025F231 /* Resources */,
			);
			buildRules = (
			);
			dependencies = (
			);
			name = Example;
			productName = Example;
			productReference = CA1F65231E0A39D10025F231 /* Example.app */;
			productType = "com.apple.product-type.application";
		};
/* End PBXNativeTarget section */

/* Begin PBXProject section */
		CA1F651B1E0A39D00025F231 /* Project object */ = {
			isa = PBXProject;
			attributes = {
				LastSwiftUpdateCheck = 0820;
				LastUpgradeCheck = 0820;
				ORGANIZATIONNAME = "Long Xianlin";
				TargetAttributes = {
					CA1F65221E0A39D10025F231 = {
						CreatedOnToolsVersion = 8.2;
						DevelopmentTeam = VBU77G8963;
						ProvisioningStyle = Automatic;
					};
				};
			};
			buildConfigurationList = CA1F651E1E0A39D10025F231 /* Build configuration list for PBXProject "Example" */;
			compatibilityVersion = "Xcode 3.2";
			developmentRegion = English;
			hasScannedForEncodings = 0;
			knownRegions = (
				en,
				Base,
			);
			mainGroup = CA1F651A1E0A39D00025F231;
			productRefGroup = CA1F65241E0A39D10025F231 /* Products */;
			projectDirPath = "";
			projectRoot = "";
			targets = (
				CA1F65221E0A39D10025F231 /* Example */,
			);
		};
/* End PBXProject section */

/* Begin PBXResourcesBuildPhase section */
		CA1F65211E0A39D10025F231 /* Resources */ = {
			isa = PBXResourcesBuildPhase;
			buildActionMask = 2147483647;
			files = (
				CA1F65311E0A39D10025F231 /* LaunchScreen.storyboard in Resources */,
				CA1F652E1E0A39D10025F231 /* Assets.xcassets in Resources */,
				CA1F652C1E0A39D10025F231 /* Main.storyboard in Resources */,
			);
			runOnlyForDeploymentPostprocessing = 0;
		};
/* End PBXResourcesBuildPhase section */

/* Begin PBXSourcesBuildPhase section */
		CA1F651F1E0A39D10025F231 /* Sources */ = {
			isa = PBXSourcesBuildPhase;
			buildActionMask = 2147483647;
			files = (
				CA1F653E1E0A3A1E0025F231 /* +Date.swift in Sources */,
				CA1F65291E0A39D10025F231 /* ViewController.swift in Sources */,
				CA1F65401E0A3A1E0025F231 /* +UIColor.swift in Sources */,
				CA1F65421E0A3A1E0025F231 /* extensions.swift in Sources */,
				CA1F653F1E0A3A1E0025F231 /* +String.swift in Sources */,
				CA1F65271E0A39D10025F231 /* AppDelegate.swift in Sources */,
				CA1F65411E0A3A1E0025F231 /* +UIImage.swift in Sources */,
			);
			runOnlyForDeploymentPostprocessing = 0;
		};
/* End PBXSourcesBuildPhase section */

/* Begin PBXVariantGroup section */
		CA1F652A1E0A39D10025F231 /* Main.storyboard */ = {
			isa = PBXVariantGroup;
			children = (
				CA1F652B1E0A39D10025F231 /* Base */,
			);
			name = Main.storyboard;
			sourceTree = "<group>";
		};
		CA1F652F1E0A39D10025F231 /* LaunchScreen.storyboard */ = {
			isa = PBXVariantGroup;
			children = (
				CA1F65301E0A39D10025F231 /* Base */,
			);
			name = LaunchScreen.storyboard;
			sourceTree = "<group>";
		};
/* End PBXVariantGroup section */

/* Begin XCBuildConfiguration section */
		CA1F65331E0A39D10025F231 /* Debug */ = {
			isa = XCBuildConfiguration;
			buildSettings = {
				ALWAYS_SEARCH_USER_PATHS = NO;
				CLANG_ANALYZER_NONNULL = YES;
				CLANG_CXX_LANGUAGE_STANDARD = "gnu++0x";
				CLANG_CXX_LIBRARY = "libc++";
				CLANG_ENABLE_MODULES = YES;
				CLANG_ENABLE_OBJC_ARC = YES;
				CLANG_WARN_BOOL_CONVERSION = YES;
				CLANG_WARN_CONSTANT_CONVERSION = YES;
				CLANG_WARN_DIRECT_OBJC_ISA_USAGE = YES_ERROR;
				CLANG_WARN_DOCUMENTATION_COMMENTS = YES;
				CLANG_WARN_EMPTY_BODY = YES;
				CLANG_WARN_ENUM_CONVERSION = YES;
				CLANG_WARN_INFINITE_RECURSION = YES;
				CLANG_WARN_INT_CONVERSION = YES;
				CLANG_WARN_OBJC_ROOT_CLASS = YES_ERROR;
				CLANG_WARN_SUSPICIOUS_MOVE = YES;
				CLANG_WARN_UNREACHABLE_CODE = YES;
				CLANG_WARN__DUPLICATE_METHOD_MATCH = YES;
				"CODE_SIGN_IDENTITY[sdk=iphoneos*]" = "iPhone Developer";
				COPY_PHASE_STRIP = NO;
				DEBUG_INFORMATION_FORMAT = dwarf;
				ENABLE_STRICT_OBJC_MSGSEND = YES;
				ENABLE_TESTABILITY = YES;
				GCC_C_LANGUAGE_STANDARD = gnu99;
				GCC_DYNAMIC_NO_PIC = NO;
				GCC_NO_COMMON_BLOCKS = YES;
				GCC_OPTIMIZATION_LEVEL = 0;
				GCC_PREPROCESSOR_DEFINITIONS = (
					"DEBUG=1",
					"$(inherited)",
				);
				GCC_WARN_64_TO_32_BIT_CONVERSION = YES;
				GCC_WARN_ABOUT_RETURN_TYPE = YES_ERROR;
				GCC_WARN_UNDECLARED_SELECTOR = YES;
				GCC_WARN_UNINITIALIZED_AUTOS = YES_AGGRESSIVE;
				GCC_WARN_UNUSED_FUNCTION = YES;
				GCC_WARN_UNUSED_VARIABLE = YES;
				IPHONEOS_DEPLOYMENT_TARGET = 10.2;
				MTL_ENABLE_DEBUG_INFO = YES;
				ONLY_ACTIVE_ARCH = YES;
				SDKROOT = iphoneos;
				SWIFT_ACTIVE_COMPILATION_CONDITIONS = DEBUG;
				SWIFT_OPTIMIZATION_LEVEL = "-Onone";
				TARGETED_DEVICE_FAMILY = "1,2";
			};
			name = Debug;
		};
		CA1F65341E0A39D10025F231 /* Release */ = {
			isa = XCBuildConfiguration;
			buildSettings = {
				ALWAYS_SEARCH_USER_PATHS = NO;
				CLANG_ANALYZER_NONNULL = YES;
				CLANG_CXX_LANGUAGE_STANDARD = "gnu++0x";
				CLANG_CXX_LIBRARY = "libc++";
				CLANG_ENABLE_MODULES = YES;
				CLANG_ENABLE_OBJC_ARC = YES;
				CLANG_WARN_BOOL_CONVERSION = YES;
				CLANG_WARN_CONSTANT_CONVERSION = YES;
				CLANG_WARN_DIRECT_OBJC_ISA_USAGE = YES_ERROR;
				CLANG_WARN_DOCUMENTATION_COMMENTS = YES;
				CLANG_WARN_EMPTY_BODY = YES;
				CLANG_WARN_ENUM_CONVERSION = YES;
				CLANG_WARN_INFINITE_RECURSION = YES;
				CLANG_WARN_INT_CONVERSION = YES;
				CLANG_WARN_OBJC_ROOT_CLASS = YES_ERROR;
				CLANG_WARN_SUSPICIOUS_MOVE = YES;
				CLANG_WARN_UNREACHABLE_CODE = YES;
				CLANG_WARN__DUPLICATE_METHOD_MATCH = YES;
				"CODE_SIGN_IDENTITY[sdk=iphoneos*]" = "iPhone Developer";
				COPY_PHASE_STRIP = NO;
				DEBUG_INFORMATION_FORMAT = "dwarf-with-dsym";
				ENABLE_NS_ASSERTIONS = NO;
				ENABLE_STRICT_OBJC_MSGSEND = YES;
				GCC_C_LANGUAGE_STANDARD = gnu99;
				GCC_NO_COMMON_BLOCKS = YES;
				GCC_WARN_64_TO_32_BIT_CONVERSION = YES;
				GCC_WARN_ABOUT_RETURN_TYPE = YES_ERROR;
				GCC_WARN_UNDECLARED_SELECTOR = YES;
				GCC_WARN_UNINITIALIZED_AUTOS = YES_AGGRESSIVE;
				GCC_WARN_UNUSED_FUNCTION = YES;
				GCC_WARN_UNUSED_VARIABLE = YES;
				IPHONEOS_DEPLOYMENT_TARGET = 10.2;
				MTL_ENABLE_DEBUG_INFO = NO;
				SDKROOT = iphoneos;
				SWIFT_OPTIMIZATION_LEVEL = "-Owholemodule";
				TARGETED_DEVICE_FAMILY = "1,2";
				VALIDATE_PRODUCT = YES;
			};
			name = Release;
		};
		CA1F65361E0A39D10025F231 /* Debug */ = {
			isa = XCBuildConfiguration;
			buildSettings = {
				ASSETCATALOG_COMPILER_APPICON_NAME = AppIcon;
				DEVELOPMENT_TEAM = VBU77G8963;
				INFOPLIST_FILE = Example/Info.plist;
				LD_RUNPATH_SEARCH_PATHS = "$(inherited) @executable_path/Frameworks";
				PRODUCT_BUNDLE_IDENTIFIER = cn.leancms.Example;
				PRODUCT_NAME = "$(TARGET_NAME)";
				SWIFT_VERSION = 3.0;
			};
			name = Debug;
		};
		CA1F65371E0A39D10025F231 /* Release */ = {
			isa = XCBuildConfiguration;
			buildSettings = {
				ASSETCATALOG_COMPILER_APPICON_NAME = AppIcon;
				DEVELOPMENT_TEAM = VBU77G8963;
				INFOPLIST_FILE = Example/Info.plist;
				LD_RUNPATH_SEARCH_PATHS = "$(inherited) @executable_path/Frameworks";
				PRODUCT_BUNDLE_IDENTIFIER = cn.leancms.Example;
				PRODUCT_NAME = "$(TARGET_NAME)";
				SWIFT_VERSION = 3.0;
			};
			name = Release;
		};
/* End XCBuildConfiguration section */

/* Begin XCConfigurationList section */
		CA1F651E1E0A39D10025F231 /* Build configuration list for PBXProject "Example" */ = {
			isa = XCConfigurationList;
			buildConfigurations = (
				CA1F65331E0A39D10025F231 /* Debug */,
				CA1F65341E0A39D10025F231 /* Release */,
			);
			defaultConfigurationIsVisible = 0;
			defaultConfigurationName = Release;
		};
		CA1F65351E0A39D10025F231 /* Build configuration list for PBXNativeTarget "Example" */ = {
			isa = XCConfigurationList;
			buildConfigurations = (
				CA1F65361E0A39D10025F231 /* Debug */,
				CA1F65371E0A39D10025F231 /* Release */,
			);
			defaultConfigurationIsVisible = 0;
		};
/* End XCConfigurationList section */
	};
	rootObject = CA1F651B1E0A39D00025F231 /* Project object */;
}
